
Microsoft Visual Studio Solution File, Format Version 12.00
# Visual Studio Version 17
VisualStudioVersion = 17.1.32328.378
MinimumVisualStudioVersion = 10.0.40219.1
Project("{FAE04EC0-301F-11D3-BF4B-00C04F79EFBC}") = "MovieStoreProject", "MovieStoreProject\MovieStoreProject.csproj", "{DC258CDA-CC15-4868-B98D-2C761D0A5EE4}"
EndProject
Global
	GlobalSection(SolutionConfigurationPlatforms) = preSolution
		Debug|Any CPU = Debug|Any CPU
		Release|Any CPU = Release|Any CPU
	EndGlobalSection
	GlobalSection(ProjectConfigurationPlatforms) = postSolution
		{DC258CDA-CC15-4868-B98D-2C761D0A5EE4}.Debug|Any CPU.ActiveCfg = Debug|Any CPU
		{DC258CDA-CC15-4868-B98D-2C761D0A5EE4}.Debug|Any CPU.Build.0 = Debug|Any CPU
		{DC258CDA-CC15-4868-B98D-2C761D0A5EE4}.Release|Any CPU.ActiveCfg = Release|Any CPU
		{DC258CDA-CC15-4868-B98D-2C761D0A5EE4}.Release|Any CPU.Build.0 = Release|Any CPU
	EndGlobalSection
	GlobalSection(SolutionProperties) = preSolution
		HideSolutionNode = FALSE
	EndGlobalSection
	GlobalSection(ExtensibilityGlobals) = postSolution
		SolutionGuid = {7E115BCB-F550-4882-9A7E-C599548B3765}
	EndGlobalSection
EndGlobal
